
Microsoft Visual Studio Solution File, Format Version 12.00
Project("{FAE04EC0-301F-11D3-BF4B-00C04F79EFBC}") = "MVC .NET6", "MVC .NET6\MVC .NET6.csproj", "{8FF8F91B-3D21-46E3-848D-61EE4ACEFAD0}"
EndProject
Global
	GlobalSection(SolutionConfigurationPlatforms) = preSolution
		Debug|Any CPU = Debug|Any CPU
		Release|Any CPU = Release|Any CPU
	EndGlobalSection
	GlobalSection(ProjectConfigurationPlatforms) = postSolution
		{8FF8F91B-3D21-46E3-848D-61EE4ACEFAD0}.Debug|Any CPU.ActiveCfg = Debug|Any CPU
		{8FF8F91B-3D21-46E3-848D-61EE4ACEFAD0}.Debug|Any CPU.Build.0 = Debug|Any CPU
		{8FF8F91B-3D21-46E3-848D-61EE4ACEFAD0}.Release|Any CPU.ActiveCfg = Release|Any CPU
		{8FF8F91B-3D21-46E3-848D-61EE4ACEFAD0}.Release|Any CPU.Build.0 = Release|Any CPU
	EndGlobalSection
EndGlobal
